{
    "name": "ghl-elements",
    "version": "0.1.0",
    "lockfileVersion": 3,
    "requires": true,
    "packages": {
        "": {
            "name": "ghl-elements",
            "version": "0.1.0",
            "license": "Apache-2.0",
            "dependencies": {
                "ts-essentials": "^10.2.0"
            },
            "devDependencies": {
                "@stripe/stripe-js": "^9.3.1",
                "typescript": "^6.0.3",
                "weakref": "^0.2.4"
            },
            "peerDependencies": {
                "@stripe/stripe-js": ">=9.0.0"
            }
        },
        "node_modules/@stripe/stripe-js": {
            "version": "9.4.0",
            "resolved": "https://registry.npmjs.org/@stripe/stripe-js/-/stripe-js-9.4.0.tgz",
            "integrity": "sha512-zXG86DnoLU5nH2U18tX5ApTE3IAm+txoiPm4YFyEtRS0K5y7ZDH9M8e1Le/cZyI6wvW3BkJn2daZe2FqZOrSSg==",
            "dev": true,
            "engines": {
                "node": ">=12.16"
            }
        },
        "node_modules/ts-essentials": {
            "version": "10.2.0",
            "resolved": "https://registry.npmjs.org/ts-essentials/-/ts-essentials-10.2.0.tgz",
            "integrity": "sha512-z9FlLywg0XEV46Ws1FwYN4NZDMr9qAe38lTTtgVBqzhhyEgwrnCUkFe4MEqnvar1kY1kFEnlkp56bxn2g0V+UA==",
            "peerDependencies": {
                "typescript": ">=4.5.0"
            },
            "peerDependenciesMeta": {
                "typescript": {
                    "optional": true
                }
            }
        },
        "node_modules/typescript": {
            "version": "6.0.3",
            "resolved": "https://registry.npmjs.org/typescript/-/typescript-6.0.3.tgz",
            "integrity": "sha512-y2TvuxSZPDyQakkFRPZHKFm+KKVqIisdg9/CZwm9ftvKXLP8NRWj38/ODjNbr43SsoXqNuAisEf1GdCxqWcdBw==",
            "devOptional": true,
            "bin": {
                "tsc": "bin/tsc",
                "tsserver": "bin/tsserver"
            },
            "engines": {
                "node": ">=14.17"
            }
        },
        "node_modules/weakref": {
            "version": "0.2.4",
            "resolved": "https://registry.npmjs.org/weakref/-/weakref-0.2.4.tgz",
            "integrity": "sha512-Kgx/4T8pslndlkJboyYrBDm+tT6/Y0ofoXOkad8q2h0Fvc/CGZmvBBfjPL6wuKqpAj3rEWFQ2C4TCc27JKpEnw==",
            "dev": true
        }
    }
}